# This file is automatically @generated by Cargo.
# It is not intended for manual editing.
version = 3

[[package]]
name = "file-format"
version = "0.1.0"

[[package]]
name = "todo"
version = "0.1.0"
dependencies = [
 "file-format",
 "todo-structure",
]

[[package]]
name = "todo-cli"
version = "0.1.0"

[[package]]
name = "todo-output"
version = "0.1.0"

[[package]]
name = "todo-structure"
version = "0.1.0"
